<?xml version="1.0" encoding="utf-8"?>
<Project ToolsVersion="4.0" xmlns="http://schemas.microsoft.com/developer/msbuild/2003">
  <ItemGroup>
    <ClCompile Include="src\resources\gamevars.cpp">
      <Filter>APIs</Filter>
    </ClCompile>
    <ClCompile Include="src\resources\helper.cpp">
      <Filter>Utility</Filter>
    </ClCompile>
    <ClCompile Include="src\features\intro_skip.cpp">
      <Filter>Features</Filter>
    </ClCompile>
    <ClCompile Include="src\features\wireframe.cpp">
      <Filter>WIP</Filter>
    </ClCompile>
    <ClCompile Include="src\features\msaa.cpp">
      <Filter>WIP</Filter>
    </ClCompile>
    <ClCompile Include="src\fixes\pause_on_focus_loss.cpp">
      <Filter>WIP</Filter>
    </ClCompile>
    <ClCompile Include="src\dllmain.cpp" />
    <ClCompile Include="src\warnings\asi_loader_checks.cpp">
      <Filter>Warnings</Filter>
    </ClCompile>
    <ClCompile Include="src\features\distance_culling.cpp">
      <Filter>Fixes</Filter>
    </ClCompile>
    <ClCompile Include="src\resources\hook_dlls.cpp">
      <Filter>APIs</Filter>
    </ClCompile>
    <ClCompile Include="src\fixes\idle_timers.cpp">
      <Filter>WIP</Filter>
    </ClCompile>
    <ClCompile Include="src\features\custom_saves.cpp">
      <Filter>Features</Filter>
    </ClCompile>
    <ClCompile Include="src\resources\logging.cpp">
      <Filter>Utility</Filter>
    </ClCompile>
    <ClCompile Include="src\fixes\shadow_resolution.cpp">
      <Filter>WIP</Filter>
    </ClCompile>
    <ClCompile Include="src\fixes\mouse_xbuttons_support.cpp">
      <Filter>Features</Filter>
    </ClCompile>
    <ClCompile Include="src\resources\version_checker.cpp">
      <Filter>Utility</Filter>
    </ClCompile>
    <ClCompile Include="external\safetyhook\src\vmt_hook.cpp">
      <Filter>Utility\SafetyHook</Filter>
    </ClCompile>
    <ClCompile Include="external\safetyhook\src\allocator.cpp">
      <Filter>Utility\SafetyHook</Filter>
    </ClCompile>
    <ClCompile Include="external\safetyhook\src\easy.cpp">
      <Filter>Utility\SafetyHook</Filter>
    </ClCompile>
    <ClCompile Include="external\safetyhook\src\inline_hook.cpp">
      <Filter>Utility\SafetyHook</Filter>
    </ClCompile>
    <ClCompile Include="external\safetyhook\src\mid_hook.cpp">
      <Filter>Utility\SafetyHook</Filter>
    </ClCompile>
    <ClCompile Include="external\safetyhook\src\os.linux.cpp">
      <Filter>Utility\SafetyHook</Filter>
    </ClCompile>
    <ClCompile Include="external\safetyhook\src\os.windows.cpp">
      <Filter>Utility\SafetyHook</Filter>
    </ClCompile>
    <ClCompile Include="external\safetyhook\src\utility.cpp">
      <Filter>Utility\SafetyHook</Filter>
    </ClCompile>
  </ItemGroup>
  <ItemGroup>
    <ClInclude Include="src\features\intro_skip.hpp">
      <Filter>Features\Headers</Filter>
    </ClInclude>
    <ClInclude Include="src\features\wireframe.hpp">
      <Filter>Features\Headers</Filter>
    </ClInclude>
    <ClInclude Include="src\features\msaa.hpp">
      <Filter>Features\Headers</Filter>
    </ClInclude>
    <ClInclude Include="src\fixes\pause_on_focus_loss.hpp">
      <Filter>Features\Headers</Filter>
    </ClInclude>
    <ClInclude Include="src\warnings\asi_loader_checks.hpp">
      <Filter>Warnings\Headers</Filter>
    </ClInclude>
    <ClInclude Include="src\features\distance_culling.hpp">
      <Filter>Fixes\Headers</Filter>
    </ClInclude>
    <ClInclude Include="src\fixes\shadow_resolution.hpp">
      <Filter>Fixes\Headers</Filter>
    </ClInclude>
    <ClInclude Include="src\resources\gamevars.hpp">
      <Filter>APIs\Headers</Filter>
    </ClInclude>
    <ClInclude Include="src\resources\hook_dlls.hpp">
      <Filter>APIs\Headers</Filter>
    </ClInclude>
    <ClInclude Include="src\fixes\idle_timers.hpp">
      <Filter>Fixes\Headers</Filter>
    </ClInclude>
    <ClInclude Include="src\features\custom_saves.hpp">
      <Filter>Features\Headers</Filter>
    </ClInclude>
    <ClInclude Include="src\resources\callbacks.h">
      <Filter>Utility\Headers</Filter>
    </ClInclude>
    <ClInclude Include="src\resources\common.hpp">
      <Filter>Utility\Headers</Filter>
    </ClInclude>
    <ClInclude Include="src\resources\helper.hpp">
      <Filter>Utility\Headers</Filter>
    </ClInclude>
    <ClInclude Include="src\resources\logging.hpp">
      <Filter>Utility\Headers</Filter>
    </ClInclude>
    <ClInclude Include="external\safetyhook\safetyhook.hpp">
      <Filter>Utility\Headers</Filter>
    </ClInclude>
    <ClInclude Include="src\resources\stdafx.h">
      <Filter>Utility\Headers</Filter>
    </ClInclude>
    <ClInclude Include="external\safetyhook\Zydis.h">
      <Filter>Utility\Headers</Filter>
    </ClInclude>
    <ClInclude Include="src\fixes\mouse_xbuttons_support.hpp">
      <Filter>Features\Headers</Filter>
    </ClInclude>
    <ClInclude Include="src\resources\RegStateHelpers.hpp">
      <Filter>Utility</Filter>
    </ClInclude>
    <ClInclude Include="src\resources\version_checker.hpp">
      <Filter>Utility</Filter>
    </ClInclude>
    <ClInclude Include="src\resources\submodule_initiailization.hpp">
      <Filter>Utility</Filter>
    </ClInclude>
    <ClInclude Include="src\resources\version.h">
      <Filter>Resources</Filter>
    </ClInclude>
    <ClInclude Include="external\safetyhook\include\safetyhook.hpp">
      <Filter>Utility\SafetyHook</Filter>
    </ClInclude>
  </ItemGroup>
  <ItemGroup>
    <Filter Include="Fixes">
      <UniqueIdentifier>{bd2458c5-47ae-4124-832d-713ce24b26ca}</UniqueIdentifier>
    </Filter>
    <Filter Include="Features">
      <UniqueIdentifier>{f87fe3af-588a-4513-95d0-fe5158c2e0ab}</UniqueIdentifier>
    </Filter>
    <Filter Include="Utility">
      <UniqueIdentifier>{e7e651f5-92ec-4540-86a7-9622adfc5a53}</UniqueIdentifier>
    </Filter>
    <Filter Include="APIs">
      <UniqueIdentifier>{99e51cdd-825e-416d-a43f-14b1be6b1d4b}</UniqueIdentifier>
    </Filter>
    <Filter Include="WIP">
      <UniqueIdentifier>{bf88c80f-7def-446d-918f-ef7f741e166e}</UniqueIdentifier>
    </Filter>
    <Filter Include="Fixes\Headers">
      <UniqueIdentifier>{320f3743-9db3-4af8-b538-4974ac376736}</UniqueIdentifier>
    </Filter>
    <Filter Include="Features\Headers">
      <UniqueIdentifier>{f416336a-4a1b-4e1a-a381-576c023ade60}</UniqueIdentifier>
    </Filter>
    <Filter Include="Warnings">
      <UniqueIdentifier>{1de08177-9755-4f9c-b903-d4a823886cd6}</UniqueIdentifier>
    </Filter>
    <Filter Include="Warnings\Headers">
      <UniqueIdentifier>{610579ef-701e-42d8-afd2-de9d428b0b17}</UniqueIdentifier>
    </Filter>
    <Filter Include="APIs\Headers">
      <UniqueIdentifier>{167ab2ba-e268-4fdf-a436-2470c8317b2d}</UniqueIdentifier>
    </Filter>
    <Filter Include="Utility\Headers">
      <UniqueIdentifier>{d96b7279-7630-4397-ae8c-98cc2aeb8338}</UniqueIdentifier>
    </Filter>
    <Filter Include="Resources">
      <UniqueIdentifier>{67ee53c2-5999-4498-bda3-7693404ed72a}</UniqueIdentifier>
    </Filter>
    <Filter Include="Utility\SafetyHook">
      <UniqueIdentifier>{8000396c-c441-4b05-a901-73bd1aea1256}</UniqueIdentifier>
    </Filter>
  </ItemGroup>
  <ItemGroup>
    <ResourceCompile Include="src\resources\EnhancedSC.rc">
      <Filter>Resources</Filter>
    </ResourceCompile>
  </ItemGroup>
</Project>